
Microsoft Visual Studio Solution File, Format Version 12.00
# Visual Studio Version 17
VisualStudioVersion = 17.5.33424.131
MinimumVisualStudioVersion = 10.0.40219.1
Project("{FAE04EC0-301F-11D3-BF4B-00C04F79EFBC}") = "DataTypesVariables", "DataTypesVariables\DataTypesVariables.csproj", "{E4E7009A-2812-446A-BA1B-89E0D62008E7}"
EndProject
Global
	GlobalSection(SolutionConfigurationPlatforms) = preSolution
		Debug|Any CPU = Debug|Any CPU
		Release|Any CPU = Release|Any CPU
	EndGlobalSection
	GlobalSection(ProjectConfigurationPlatforms) = postSolution
		{E4E7009A-2812-446A-BA1B-89E0D62008E7}.Debug|Any CPU.ActiveCfg = Debug|Any CPU
		{E4E7009A-2812-446A-BA1B-89E0D62008E7}.Debug|Any CPU.Build.0 = Debug|Any CPU
		{E4E7009A-2812-446A-BA1B-89E0D62008E7}.Release|Any CPU.ActiveCfg = Release|Any CPU
		{E4E7009A-2812-446A-BA1B-89E0D62008E7}.Release|Any CPU.Build.0 = Release|Any CPU
	EndGlobalSection
	GlobalSection(SolutionProperties) = preSolution
		HideSolutionNode = FALSE
	EndGlobalSection
	GlobalSection(ExtensibilityGlobals) = postSolution
		SolutionGuid = {F0149225-E1A9-423E-BB96-8D2A0BB7C1B5}
	EndGlobalSection
EndGlobal
